// !$*UTF8*$!
{
	archiveVersion = 1;
	classes = {
	};
	objectVersion = 56;
	objects = {

/* Begin PBXBuildFile section */
		E4A63E212C215A2D00638573 /* iOSDropDown in Frameworks */ = {isa = PBXBuildFile; productRef = E4A63E202C215A2D00638573 /* iOSDropDown */; };
		E4A63E232C215ACB00638573 /* Color + Extension.swift in Sources */ = {isa = PBXBuildFile; fileRef = E4A63E222C215ACB00638573 /* Color + Extension.swift */; };
		E4A63E252C215AD900638573 /* Color.xcassets in Resources */ = {isa = PBXBuildFile; fileRef = E4A63E242C215AD900638573 /* Color.xcassets */; };
		E4A63E2B2C2167C400638573 /* UploadViewController.swift in Sources */ = {isa = PBXBuildFile; fileRef = E4A63E2A2C2167C400638573 /* UploadViewController.swift */; };
		E4A63E2D2C216A0800638573 /* UploadViewModel.swift in Sources */ = {isa = PBXBuildFile; fileRef = E4A63E2C2C216A0800638573 /* UploadViewModel.swift */; };
		E4A63E2F2C2173BA00638573 /* Network.swift in Sources */ = {isa = PBXBuildFile; fileRef = E4A63E2E2C2173BA00638573 /* Network.swift */; };
		E4A63E312C21740900638573 /* URL.swift in Sources */ = {isa = PBXBuildFile; fileRef = E4A63E302C21740900638573 /* URL.swift */; };
		E4A63E332C21764900638573 /* NetworkProvider.swift in Sources */ = {isa = PBXBuildFile; fileRef = E4A63E322C21764900638573 /* NetworkProvider.swift */; };
		E4A63E362C21782E00638573 /* AiNetwork.swift in Sources */ = {isa = PBXBuildFile; fileRef = E4A63E352C21782E00638573 /* AiNetwork.swift */; };
		E4A63E392C21788800638573 /* AiResponseModel.swift in Sources */ = {isa = PBXBuildFile; fileRef = E4A63E382C21788800638573 /* AiResponseModel.swift */; };
		E4A63E432C2416E400638573 /* FormViewController.swift in Sources */ = {isa = PBXBuildFile; fileRef = E4A63E422C2416E400638573 /* FormViewController.swift */; };
		E4A63E512C242ADF00638573 /* GTMAppAuth in Frameworks */ = {isa = PBXBuildFile; productRef = E4A63E502C242ADF00638573 /* GTMAppAuth */; };
		E4A63E542C24545400638573 /* GTMSessionFetcher in Frameworks */ = {isa = PBXBuildFile; productRef = E4A63E532C24545400638573 /* GTMSessionFetcher */; };
		E4A63E562C24545400638573 /* GTMSessionFetcherCore in Frameworks */ = {isa = PBXBuildFile; productRef = E4A63E552C24545400638573 /* GTMSessionFetcherCore */; };
		E4A63E582C24545400638573 /* GTMSessionFetcherFull in Frameworks */ = {isa = PBXBuildFile; productRef = E4A63E572C24545400638573 /* GTMSessionFetcherFull */; };
		E4A63E5A2C24545400638573 /* GTMSessionFetcherLogView in Frameworks */ = {isa = PBXBuildFile; productRef = E4A63E592C24545400638573 /* GTMSessionFetcherLogView */; };
		E4A63E5F2C24562B00638573 /* FormResponseModel.swift in Sources */ = {isa = PBXBuildFile; fileRef = E4A63E5E2C24562A00638573 /* FormResponseModel.swift */; };
		E4A63E622C2460F100638573 /* WebViewController.swift in Sources */ = {isa = PBXBuildFile; fileRef = E4A63E612C2460F100638573 /* WebViewController.swift */; };
		E4A63E652C25469800638573 /* GetFormResponseModel.swift in Sources */ = {isa = PBXBuildFile; fileRef = E4A63E642C25469800638573 /* GetFormResponseModel.swift */; };
		E4A63E6A2C25486E00638573 /* FormViewModel.swift in Sources */ = {isa = PBXBuildFile; fileRef = E4A63E692C25486E00638573 /* FormViewModel.swift */; };
		E4A63E6C2C254D9B00638573 /* CreateDocumentViewController.swift in Sources */ = {isa = PBXBuildFile; fileRef = E4A63E6B2C254D9B00638573 /* CreateDocumentViewController.swift */; };
		E4A63E6E2C254DA400638573 /* CreateDocumentViewModel.swift in Sources */ = {isa = PBXBuildFile; fileRef = E4A63E6D2C254DA400638573 /* CreateDocumentViewModel.swift */; };
		E4FD66AD2C20121E009518B4 /* AppDelegate.swift in Sources */ = {isa = PBXBuildFile; fileRef = E4FD66AC2C20121E009518B4 /* AppDelegate.swift */; };
		E4FD66AF2C20121E009518B4 /* SceneDelegate.swift in Sources */ = {isa = PBXBuildFile; fileRef = E4FD66AE2C20121E009518B4 /* SceneDelegate.swift */; };
		E4FD66B12C20121E009518B4 /* ViewController.swift in Sources */ = {isa = PBXBuildFile; fileRef = E4FD66B02C20121E009518B4 /* ViewController.swift */; };
		E4FD66B62C20121F009518B4 /* Assets.xcassets in Resources */ = {isa = PBXBuildFile; fileRef = E4FD66B52C20121F009518B4 /* Assets.xcassets */; };
		E4FD66B92C20121F009518B4 /* LaunchScreen.storyboard in Resources */ = {isa = PBXBuildFile; fileRef = E4FD66B72C20121F009518B4 /* LaunchScreen.storyboard */; };
		E4FD66C82C201419009518B4 /* SnapKit in Frameworks */ = {isa = PBXBuildFile; productRef = E4FD66C72C201419009518B4 /* SnapKit */; };
		E4FD66CB2C201423009518B4 /* Alamofire in Frameworks */ = {isa = PBXBuildFile; productRef = E4FD66CA2C201423009518B4 /* Alamofire */; };
		E4FD66CE2C20143A009518B4 /* RxAlamofire in Frameworks */ = {isa = PBXBuildFile; productRef = E4FD66CD2C20143A009518B4 /* RxAlamofire */; };
		E4FD66D12C201450009518B4 /* SwiftKeychainWrapper in Frameworks */ = {isa = PBXBuildFile; productRef = E4FD66D02C201450009518B4 /* SwiftKeychainWrapper */; };
		E4FD66D42C20146A009518B4 /* NVActivityIndicatorView in Frameworks */ = {isa = PBXBuildFile; productRef = E4FD66D32C20146A009518B4 /* NVActivityIndicatorView */; };
		E4FD66D62C20146A009518B4 /* NVActivityIndicatorViewExtended in Frameworks */ = {isa = PBXBuildFile; productRef = E4FD66D52C20146A009518B4 /* NVActivityIndicatorViewExtended */; };
		E4FD66D92C201477009518B4 /* SCLAlertView in Frameworks */ = {isa = PBXBuildFile; productRef = E4FD66D82C201477009518B4 /* SCLAlertView */; };
		E4FD66DB2C201C70009518B4 /* flaskTest.swift in Sources */ = {isa = PBXBuildFile; fileRef = E4FD66DA2C201C70009518B4 /* flaskTest.swift */; };
/* End PBXBuildFile section */

/* Begin PBXFileReference section */
		E4A63E222C215ACB00638573 /* Color + Extension.swift */ = {isa = PBXFileReference; lastKnownFileType = sourcecode.swift; path = "Color + Extension.swift"; sourceTree = "<group>"; };
		E4A63E242C215AD900638573 /* Color.xcassets */ = {isa = PBXFileReference; lastKnownFileType = folder.assetcatalog; path = Color.xcassets; sourceTree = "<group>"; };
		E4A63E2A2C2167C400638573 /* UploadViewController.swift */ = {isa = PBXFileReference; lastKnownFileType = sourcecode.swift; path = UploadViewController.swift; sourceTree = "<group>"; };
		E4A63E2C2C216A0800638573 /* UploadViewModel.swift */ = {isa = PBXFileReference; lastKnownFileType = sourcecode.swift; path = UploadViewModel.swift; sourceTree = "<group>"; };
		E4A63E2E2C2173BA00638573 /* Network.swift */ = {isa = PBXFileReference; lastKnownFileType = sourcecode.swift; path = Network.swift; sourceTree = "<group>"; };
		E4A63E302C21740900638573 /* URL.swift */ = {isa = PBXFileReference; lastKnownFileType = sourcecode.swift; path = URL.swift; sourceTree = "<group>"; };
		E4A63E322C21764900638573 /* NetworkProvider.swift */ = {isa = PBXFileReference; lastKnownFileType = sourcecode.swift; path = NetworkProvider.swift; sourceTree = "<group>"; };
		E4A63E352C21782E00638573 /* AiNetwork.swift */ = {isa = PBXFileReference; lastKnownFileType = sourcecode.swift; path = AiNetwork.swift; sourceTree = "<group>"; };
		E4A63E382C21788800638573 /* AiResponseModel.swift */ = {isa = PBXFileReference; lastKnownFileType = sourcecode.swift; path = AiResponseModel.swift; sourceTree = "<group>"; };
		E4A63E422C2416E400638573 /* FormViewController.swift */ = {isa = PBXFileReference; lastKnownFileType = sourcecode.swift; path = FormViewController.swift; sourceTree = "<group>"; };
		E4A63E5E2C24562A00638573 /* FormResponseModel.swift */ = {isa = PBXFileReference; lastKnownFileType = sourcecode.swift; path = FormResponseModel.swift; sourceTree = "<group>"; };
		E4A63E612C2460F100638573 /* WebViewController.swift */ = {isa = PBXFileReference; lastKnownFileType = sourcecode.swift; path = WebViewController.swift; sourceTree = "<group>"; };
		E4A63E642C25469800638573 /* GetFormResponseModel.swift */ = {isa = PBXFileReference; lastKnownFileType = sourcecode.swift; path = GetFormResponseModel.swift; sourceTree = "<group>"; };
		E4A63E692C25486E00638573 /* FormViewModel.swift */ = {isa = PBXFileReference; lastKnownFileType = sourcecode.swift; path = FormViewModel.swift; sourceTree = "<group>"; };
		E4A63E6B2C254D9B00638573 /* CreateDocumentViewController.swift */ = {isa = PBXFileReference; lastKnownFileType = sourcecode.swift; path = CreateDocumentViewController.swift; sourceTree = "<group>"; };
		E4A63E6D2C254DA400638573 /* CreateDocumentViewModel.swift */ = {isa = PBXFileReference; lastKnownFileType = sourcecode.swift; path = CreateDocumentViewModel.swift; sourceTree = "<group>"; };
		E4FD66A92C20121E009518B4 /* RightNow.app */ = {isa = PBXFileReference; explicitFileType = wrapper.application; includeInIndex = 0; path = RightNow.app; sourceTree = BUILT_PRODUCTS_DIR; };
		E4FD66AC2C20121E009518B4 /* AppDelegate.swift */ = {isa = PBXFileReference; lastKnownFileType = sourcecode.swift; path = AppDelegate.swift; sourceTree = "<group>"; };
		E4FD66AE2C20121E009518B4 /* SceneDelegate.swift */ = {isa = PBXFileReference; lastKnownFileType = sourcecode.swift; path = SceneDelegate.swift; sourceTree = "<group>"; };
		E4FD66B02C20121E009518B4 /* ViewController.swift */ = {isa = PBXFileReference; lastKnownFileType = sourcecode.swift; path = ViewController.swift; sourceTree = "<group>"; };
		E4FD66B52C20121F009518B4 /* Assets.xcassets */ = {isa = PBXFileReference; lastKnownFileType = folder.assetcatalog; path = Assets.xcassets; sourceTree = "<group>"; };
		E4FD66B82C20121F009518B4 /* Base */ = {isa = PBXFileReference; lastKnownFileType = file.storyboard; name = Base; path = Base.lproj/LaunchScreen.storyboard; sourceTree = "<group>"; };
		E4FD66BA2C20121F009518B4 /* Info.plist */ = {isa = PBXFileReference; lastKnownFileType = text.plist.xml; path = Info.plist; sourceTree = "<group>"; };
		E4FD66DA2C201C70009518B4 /* flaskTest.swift */ = {isa = PBXFileReference; lastKnownFileType = sourcecode.swift; path = flaskTest.swift; sourceTree = "<group>"; };
/* End PBXFileReference section */

/* Begin PBXFrameworksBuildPhase section */
		E4FD66A62C20121E009518B4 /* Frameworks */ = {
			isa = PBXFrameworksBuildPhase;
			buildActionMask = 2147483647;
			files = (
				E4FD66CE2C20143A009518B4 /* RxAlamofire in Frameworks */,
				E4A63E512C242ADF00638573 /* GTMAppAuth in Frameworks */,
				E4FD66D42C20146A009518B4 /* NVActivityIndicatorView in Frameworks */,
				E4A63E562C24545400638573 /* GTMSessionFetcherCore in Frameworks */,
				E4FD66C82C201419009518B4 /* SnapKit in Frameworks */,
				E4A63E212C215A2D00638573 /* iOSDropDown in Frameworks */,
				E4A63E5A2C24545400638573 /* GTMSessionFetcherLogView in Frameworks */,
				E4A63E542C24545400638573 /* GTMSessionFetcher in Frameworks */,
				E4FD66D92C201477009518B4 /* SCLAlertView in Frameworks */,
				E4FD66D62C20146A009518B4 /* NVActivityIndicatorViewExtended in Frameworks */,
				E4A63E582C24545400638573 /* GTMSessionFetcherFull in Frameworks */,
				E4FD66D12C201450009518B4 /* SwiftKeychainWrapper in Frameworks */,
				E4FD66CB2C201423009518B4 /* Alamofire in Frameworks */,
			);
			runOnlyForDeploymentPostprocessing = 0;
		};
/* End PBXFrameworksBuildPhase section */

/* Begin PBXGroup section */
		E4A63E292C2167B600638573 /* Upload */ = {
			isa = PBXGroup;
			children = (
				E4A63E2A2C2167C400638573 /* UploadViewController.swift */,
				E4A63E2C2C216A0800638573 /* UploadViewModel.swift */,
			);
			path = Upload;
			sourceTree = "<group>";
		};
		E4A63E342C21781C00638573 /* AiNetwork */ = {
			isa = PBXGroup;
			children = (
				E4A63E352C21782E00638573 /* AiNetwork.swift */,
			);
			name = AiNetwork;
			sourceTree = "<group>";
		};
		E4A63E372C21788000638573 /* Ai */ = {
			isa = PBXGroup;
			children = (
				E4A63E382C21788800638573 /* AiResponseModel.swift */,
			);
			path = Ai;
			sourceTree = "<group>";
		};
		E4A63E412C2416D400638573 /* Form */ = {
			isa = PBXGroup;
			children = (
				E4A63E422C2416E400638573 /* FormViewController.swift */,
				E4A63E692C25486E00638573 /* FormViewModel.swift */,
				E4A63E602C2460E200638573 /* WebView */,
			);
			path = Form;
			sourceTree = "<group>";
		};
		E4A63E5B2C2455F200638573 /* Form */ = {
			isa = PBXGroup;
			children = (
				E4A63E632C25468C00638573 /* GetForm */,
				E4A63E5E2C24562A00638573 /* FormResponseModel.swift */,
			);
			path = Form;
			sourceTree = "<group>";
		};
		E4A63E602C2460E200638573 /* WebView */ = {
			isa = PBXGroup;
			children = (
				E4A63E612C2460F100638573 /* WebViewController.swift */,
			);
			path = WebView;
			sourceTree = "<group>";
		};
		E4A63E632C25468C00638573 /* GetForm */ = {
			isa = PBXGroup;
			children = (
				E4A63E642C25469800638573 /* GetFormResponseModel.swift */,
			);
			path = GetForm;
			sourceTree = "<group>";
		};
		E4A63E662C25469D00638573 /* CreateDocument */ = {
			isa = PBXGroup;
			children = (
				E4A63E6B2C254D9B00638573 /* CreateDocumentViewController.swift */,
				E4A63E6D2C254DA400638573 /* CreateDocumentViewModel.swift */,
			);
			path = CreateDocument;
			sourceTree = "<group>";
		};
		E4FD66A02C20121E009518B4 = {
			isa = PBXGroup;
			children = (
				E4FD66AB2C20121E009518B4 /* RightNow */,
				E4FD66AA2C20121E009518B4 /* Products */,
			);
			sourceTree = "<group>";
		};
		E4FD66AA2C20121E009518B4 /* Products */ = {
			isa = PBXGroup;
			children = (
				E4FD66A92C20121E009518B4 /* RightNow.app */,
			);
			name = Products;
			sourceTree = "<group>";
		};
		E4FD66AB2C20121E009518B4 /* RightNow */ = {
			isa = PBXGroup;
			children = (
				E4FD66BA2C20121F009518B4 /* Info.plist */,
				E4FD66C42C20123B009518B4 /* Feat */,
				E4FD66C32C201237009518B4 /* Network */,
				E4FD66C22C201234009518B4 /* Entity */,
				E4FD66C12C20122E009518B4 /* Core */,
				E4FD66C02C20122B009518B4 /* App */,
			);
			path = RightNow;
			sourceTree = "<group>";
		};
		E4FD66C02C20122B009518B4 /* App */ = {
			isa = PBXGroup;
			children = (
				E4FD66B52C20121F009518B4 /* Assets.xcassets */,
				E4A63E242C215AD900638573 /* Color.xcassets */,
				E4FD66B72C20121F009518B4 /* LaunchScreen.storyboard */,
				E4FD66C52C20123F009518B4 /* Delegate */,
			);
			path = App;
			sourceTree = "<group>";
		};
		E4FD66C12C20122E009518B4 /* Core */ = {
			isa = PBXGroup;
			children = (
				E4A63E222C215ACB00638573 /* Color + Extension.swift */,
			);
			path = Core;
			sourceTree = "<group>";
		};
		E4FD66C22C201234009518B4 /* Entity */ = {
			isa = PBXGroup;
			children = (
				E4A63E5B2C2455F200638573 /* Form */,
				E4A63E372C21788000638573 /* Ai */,
			);
			path = Entity;
			sourceTree = "<group>";
		};
		E4FD66C32C201237009518B4 /* Network */ = {
			isa = PBXGroup;
			children = (
				E4A63E302C21740900638573 /* URL.swift */,
				E4A63E2E2C2173BA00638573 /* Network.swift */,
				E4A63E322C21764900638573 /* NetworkProvider.swift */,
				E4A63E342C21781C00638573 /* AiNetwork */,
				E4FD66DA2C201C70009518B4 /* flaskTest.swift */,
			);
			path = Network;
			sourceTree = "<group>";
		};
		E4FD66C42C20123B009518B4 /* Feat */ = {
			isa = PBXGroup;
			children = (
				E4A63E662C25469D00638573 /* CreateDocument */,
				E4A63E412C2416D400638573 /* Form */,
				E4A63E292C2167B600638573 /* Upload */,
				E4FD66B02C20121E009518B4 /* ViewController.swift */,
			);
			path = Feat;
			sourceTree = "<group>";
		};
		E4FD66C52C20123F009518B4 /* Delegate */ = {
			isa = PBXGroup;
			children = (
				E4FD66AC2C20121E009518B4 /* AppDelegate.swift */,
				E4FD66AE2C20121E009518B4 /* SceneDelegate.swift */,
			);
			path = Delegate;
			sourceTree = "<group>";
		};
/* End PBXGroup section */

/* Begin PBXNativeTarget section */
		E4FD66A82C20121E009518B4 /* RightNow */ = {
			isa = PBXNativeTarget;
			buildConfigurationList = E4FD66BD2C20121F009518B4 /* Build configuration list for PBXNativeTarget "RightNow" */;
			buildPhases = (
				E4FD66A52C20121E009518B4 /* Sources */,
				E4FD66A62C20121E009518B4 /* Frameworks */,
				E4FD66A72C20121E009518B4 /* Resources */,
			);
			buildRules = (
			);
			dependencies = (
			);
			name = RightNow;
			packageProductDependencies = (
				E4FD66C72C201419009518B4 /* SnapKit */,
				E4FD66CA2C201423009518B4 /* Alamofire */,
				E4FD66CD2C20143A009518B4 /* RxAlamofire */,
				E4FD66D02C201450009518B4 /* SwiftKeychainWrapper */,
				E4FD66D32C20146A009518B4 /* NVActivityIndicatorView */,
				E4FD66D52C20146A009518B4 /* NVActivityIndicatorViewExtended */,
				E4FD66D82C201477009518B4 /* SCLAlertView */,
				E4A63E202C215A2D00638573 /* iOSDropDown */,
				E4A63E502C242ADF00638573 /* GTMAppAuth */,
				E4A63E532C24545400638573 /* GTMSessionFetcher */,
				E4A63E552C24545400638573 /* GTMSessionFetcherCore */,
				E4A63E572C24545400638573 /* GTMSessionFetcherFull */,
				E4A63E592C24545400638573 /* GTMSessionFetcherLogView */,
			);
			productName = RightNow;
			productReference = E4FD66A92C20121E009518B4 /* RightNow.app */;
			productType = "com.apple.product-type.application";
		};
/* End PBXNativeTarget section */

/* Begin PBXProject section */
		E4FD66A12C20121E009518B4 /* Project object */ = {
			isa = PBXProject;
			attributes = {
				BuildIndependentTargetsInParallel = 1;
				LastSwiftUpdateCheck = 1430;
				LastUpgradeCheck = 1430;
				TargetAttributes = {
					E4FD66A82C20121E009518B4 = {
						CreatedOnToolsVersion = 14.3.1;
					};
				};
			};
			buildConfigurationList = E4FD66A42C20121E009518B4 /* Build configuration list for PBXProject "RightNow" */;
			compatibilityVersion = "Xcode 14.0";
			developmentRegion = en;
			hasScannedForEncodings = 0;
			knownRegions = (
				en,
				Base,
			);
			mainGroup = E4FD66A02C20121E009518B4;
			packageReferences = (
				E4FD66C62C201419009518B4 /* XCRemoteSwiftPackageReference "SnapKit" */,
				E4FD66C92C201423009518B4 /* XCRemoteSwiftPackageReference "Alamofire" */,
				E4FD66CC2C20143A009518B4 /* XCRemoteSwiftPackageReference "RxAlamofire" */,
				E4FD66CF2C201450009518B4 /* XCRemoteSwiftPackageReference "SwiftKeychainWrapper" */,
				E4FD66D22C201469009518B4 /* XCRemoteSwiftPackageReference "NVActivityIndicatorView" */,
				E4FD66D72C201477009518B4 /* XCRemoteSwiftPackageReference "SCLAlertView-Swift" */,
				E4A63E1F2C215A2D00638573 /* XCRemoteSwiftPackageReference "iOSDropDown" */,
				E4A63E4F2C242ADF00638573 /* XCRemoteSwiftPackageReference "GTMAppAuth" */,
				E4A63E522C24545400638573 /* XCRemoteSwiftPackageReference "gtm-session-fetcher" */,
			);
			productRefGroup = E4FD66AA2C20121E009518B4 /* Products */;
			projectDirPath = "";
			projectRoot = "";
			targets = (
				E4FD66A82C20121E009518B4 /* RightNow */,
			);
		};
/* End PBXProject section */

/* Begin PBXResourcesBuildPhase section */
		E4FD66A72C20121E009518B4 /* Resources */ = {
			isa = PBXResourcesBuildPhase;
			buildActionMask = 2147483647;
			files = (
				E4FD66B92C20121F009518B4 /* LaunchScreen.storyboard in Resources */,
				E4FD66B62C20121F009518B4 /* Assets.xcassets in Resources */,
				E4A63E252C215AD900638573 /* Color.xcassets in Resources */,
			);
			runOnlyForDeploymentPostprocessing = 0;
		};
/* End PBXResourcesBuildPhase section */

/* Begin PBXSourcesBuildPhase section */
		E4FD66A52C20121E009518B4 /* Sources */ = {
			isa = PBXSourcesBuildPhase;
			buildActionMask = 2147483647;
			files = (
				E4A63E2D2C216A0800638573 /* UploadViewModel.swift in Sources */,
				E4FD66B12C20121E009518B4 /* ViewController.swift in Sources */,
				E4A63E312C21740900638573 /* URL.swift in Sources */,
				E4A63E2F2C2173BA00638573 /* Network.swift in Sources */,
				E4A63E652C25469800638573 /* GetFormResponseModel.swift in Sources */,
				E4A63E362C21782E00638573 /* AiNetwork.swift in Sources */,
				E4A63E5F2C24562B00638573 /* FormResponseModel.swift in Sources */,
				E4A63E6C2C254D9B00638573 /* CreateDocumentViewController.swift in Sources */,
				E4A63E2B2C2167C400638573 /* UploadViewController.swift in Sources */,
				E4FD66AD2C20121E009518B4 /* AppDelegate.swift in Sources */,
				E4FD66AF2C20121E009518B4 /* SceneDelegate.swift in Sources */,
				E4FD66DB2C201C70009518B4 /* flaskTest.swift in Sources */,
				E4A63E232C215ACB00638573 /* Color + Extension.swift in Sources */,
				E4A63E392C21788800638573 /* AiResponseModel.swift in Sources */,
				E4A63E332C21764900638573 /* NetworkProvider.swift in Sources */,
				E4A63E6A2C25486E00638573 /* FormViewModel.swift in Sources */,
				E4A63E432C2416E400638573 /* FormViewController.swift in Sources */,
				E4A63E622C2460F100638573 /* WebViewController.swift in Sources */,
				E4A63E6E2C254DA400638573 /* CreateDocumentViewModel.swift in Sources */,
			);
			runOnlyForDeploymentPostprocessing = 0;
		};
/* End PBXSourcesBuildPhase section */

/* Begin PBXVariantGroup section */
		E4FD66B72C20121F009518B4 /* LaunchScreen.storyboard */ = {
			isa = PBXVariantGroup;
			children = (
				E4FD66B82C20121F009518B4 /* Base */,
			);
			name = LaunchScreen.storyboard;
			sourceTree = "<group>";
		};
/* End PBXVariantGroup section */

/* Begin XCBuildConfiguration section */
		E4FD66BB2C20121F009518B4 /* Debug */ = {
			isa = XCBuildConfiguration;
			buildSettings = {
				ALWAYS_SEARCH_USER_PATHS = NO;
				CLANG_ANALYZER_NONNULL = YES;
				CLANG_ANALYZER_NUMBER_OBJECT_CONVERSION = YES_AGGRESSIVE;
				CLANG_CXX_LANGUAGE_STANDARD = "gnu++20";
				CLANG_ENABLE_MODULES = YES;
				CLANG_ENABLE_OBJC_ARC = YES;
				CLANG_ENABLE_OBJC_WEAK = YES;
				CLANG_WARN_BLOCK_CAPTURE_AUTORELEASING = YES;
				CLANG_WARN_BOOL_CONVERSION = YES;
				CLANG_WARN_COMMA = YES;
				CLANG_WARN_CONSTANT_CONVERSION = YES;
				CLANG_WARN_DEPRECATED_OBJC_IMPLEMENTATIONS = YES;
				CLANG_WARN_DIRECT_OBJC_ISA_USAGE = YES_ERROR;
				CLANG_WARN_DOCUMENTATION_COMMENTS = YES;
				CLANG_WARN_EMPTY_BODY = YES;
				CLANG_WARN_ENUM_CONVERSION = YES;
				CLANG_WARN_INFINITE_RECURSION = YES;
				CLANG_WARN_INT_CONVERSION = YES;
				CLANG_WARN_NON_LITERAL_NULL_CONVERSION = YES;
				CLANG_WARN_OBJC_IMPLICIT_RETAIN_SELF = YES;
				CLANG_WARN_OBJC_LITERAL_CONVERSION = YES;
				CLANG_WARN_OBJC_ROOT_CLASS = YES_ERROR;
				CLANG_WARN_QUOTED_INCLUDE_IN_FRAMEWORK_HEADER = YES;
				CLANG_WARN_RANGE_LOOP_ANALYSIS = YES;
				CLANG_WARN_STRICT_PROTOTYPES = YES;
				CLANG_WARN_SUSPICIOUS_MOVE = YES;
				CLANG_WARN_UNGUARDED_AVAILABILITY = YES_AGGRESSIVE;
				CLANG_WARN_UNREACHABLE_CODE = YES;
				CLANG_WARN__DUPLICATE_METHOD_MATCH = YES;
				COPY_PHASE_STRIP = NO;
				DEBUG_INFORMATION_FORMAT = dwarf;
				ENABLE_STRICT_OBJC_MSGSEND = YES;
				ENABLE_TESTABILITY = YES;
				GCC_C_LANGUAGE_STANDARD = gnu11;
				GCC_DYNAMIC_NO_PIC = NO;
				GCC_NO_COMMON_BLOCKS = YES;
				GCC_OPTIMIZATION_LEVEL = 0;
				GCC_PREPROCESSOR_DEFINITIONS = (
					"DEBUG=1",
					"$(inherited)",
				);
				GCC_WARN_64_TO_32_BIT_CONVERSION = YES;
				GCC_WARN_ABOUT_RETURN_TYPE = YES_ERROR;
				GCC_WARN_UNDECLARED_SELECTOR = YES;
				GCC_WARN_UNINITIALIZED_AUTOS = YES_AGGRESSIVE;
				GCC_WARN_UNUSED_FUNCTION = YES;
				GCC_WARN_UNUSED_VARIABLE = YES;
				IPHONEOS_DEPLOYMENT_TARGET = 16.4;
				MTL_ENABLE_DEBUG_INFO = INCLUDE_SOURCE;
				MTL_FAST_MATH = YES;
				ONLY_ACTIVE_ARCH = YES;
				SDKROOT = iphoneos;
				SWIFT_ACTIVE_COMPILATION_CONDITIONS = DEBUG;
				SWIFT_OPTIMIZATION_LEVEL = "-Onone";
			};
			name = Debug;
		};
		E4FD66BC2C20121F009518B4 /* Release */ = {
			isa = XCBuildConfiguration;
			buildSettings = {
				ALWAYS_SEARCH_USER_PATHS = NO;
				CLANG_ANALYZER_NONNULL = YES;
				CLANG_ANALYZER_NUMBER_OBJECT_CONVERSION = YES_AGGRESSIVE;
				CLANG_CXX_LANGUAGE_STANDARD = "gnu++20";
				CLANG_ENABLE_MODULES = YES;
				CLANG_ENABLE_OBJC_ARC = YES;
				CLANG_ENABLE_OBJC_WEAK = YES;
				CLANG_WARN_BLOCK_CAPTURE_AUTORELEASING = YES;
				CLANG_WARN_BOOL_CONVERSION = YES;
				CLANG_WARN_COMMA = YES;
				CLANG_WARN_CONSTANT_CONVERSION = YES;
				CLANG_WARN_DEPRECATED_OBJC_IMPLEMENTATIONS = YES;
				CLANG_WARN_DIRECT_OBJC_ISA_USAGE = YES_ERROR;
				CLANG_WARN_DOCUMENTATION_COMMENTS = YES;
				CLANG_WARN_EMPTY_BODY = YES;
				CLANG_WARN_ENUM_CONVERSION = YES;
				CLANG_WARN_INFINITE_RECURSION = YES;
				CLANG_WARN_INT_CONVERSION = YES;
				CLANG_WARN_NON_LITERAL_NULL_CONVERSION = YES;
				CLANG_WARN_OBJC_IMPLICIT_RETAIN_SELF = YES;
				CLANG_WARN_OBJC_LITERAL_CONVERSION = YES;
				CLANG_WARN_OBJC_ROOT_CLASS = YES_ERROR;
				CLANG_WARN_QUOTED_INCLUDE_IN_FRAMEWORK_HEADER = YES;
				CLANG_WARN_RANGE_LOOP_ANALYSIS = YES;
				CLANG_WARN_STRICT_PROTOTYPES = YES;
				CLANG_WARN_SUSPICIOUS_MOVE = YES;
				CLANG_WARN_UNGUARDED_AVAILABILITY = YES_AGGRESSIVE;
				CLANG_WARN_UNREACHABLE_CODE = YES;
				CLANG_WARN__DUPLICATE_METHOD_MATCH = YES;
				COPY_PHASE_STRIP = NO;
				DEBUG_INFORMATION_FORMAT = "dwarf-with-dsym";
				ENABLE_NS_ASSERTIONS = NO;
				ENABLE_STRICT_OBJC_MSGSEND = YES;
				GCC_C_LANGUAGE_STANDARD = gnu11;
				GCC_NO_COMMON_BLOCKS = YES;
				GCC_WARN_64_TO_32_BIT_CONVERSION = YES;
				GCC_WARN_ABOUT_RETURN_TYPE = YES_ERROR;
				GCC_WARN_UNDECLARED_SELECTOR = YES;
				GCC_WARN_UNINITIALIZED_AUTOS = YES_AGGRESSIVE;
				GCC_WARN_UNUSED_FUNCTION = YES;
				GCC_WARN_UNUSED_VARIABLE = YES;
				IPHONEOS_DEPLOYMENT_TARGET = 16.4;
				MTL_ENABLE_DEBUG_INFO = NO;
				MTL_FAST_MATH = YES;
				SDKROOT = iphoneos;
				SWIFT_COMPILATION_MODE = wholemodule;
				SWIFT_OPTIMIZATION_LEVEL = "-O";
				VALIDATE_PRODUCT = YES;
			};
			name = Release;
		};
		E4FD66BE2C20121F009518B4 /* Debug */ = {
			isa = XCBuildConfiguration;
			buildSettings = {
				ASSETCATALOG_COMPILER_APPICON_NAME = AppIcon;
				ASSETCATALOG_COMPILER_GLOBAL_ACCENT_COLOR_NAME = AccentColor;
				CODE_SIGN_STYLE = Automatic;
				CURRENT_PROJECT_VERSION = 1;
				DEVELOPMENT_TEAM = Q653PU93R6;
				GENERATE_INFOPLIST_FILE = YES;
				INFOPLIST_FILE = RightNow/Info.plist;
				INFOPLIST_KEY_UIApplicationSupportsIndirectInputEvents = YES;
				INFOPLIST_KEY_UILaunchStoryboardName = LaunchScreen;
				INFOPLIST_KEY_UISupportedInterfaceOrientations_iPad = "UIInterfaceOrientationPortrait UIInterfaceOrientationPortraitUpsideDown UIInterfaceOrientationLandscapeLeft UIInterfaceOrientationLandscapeRight";
				INFOPLIST_KEY_UISupportedInterfaceOrientations_iPhone = "UIInterfaceOrientationPortrait UIInterfaceOrientationLandscapeLeft UIInterfaceOrientationLandscapeRight";
				INFOPLIST_KEY_UIUserInterfaceStyle = Light;
				LD_RUNPATH_SEARCH_PATHS = (
					"$(inherited)",
					"@executable_path/Frameworks",
				);
				MARKETING_VERSION = 1.0;
				PRODUCT_BUNDLE_IDENTIFIER = WEDLE.RightNow;
				PRODUCT_NAME = "$(TARGET_NAME)";
				SWIFT_EMIT_LOC_STRINGS = YES;
				SWIFT_VERSION = 5.0;
				TARGETED_DEVICE_FAMILY = "1,2";
			};
			name = Debug;
		};
		E4FD66BF2C20121F009518B4 /* Release */ = {
			isa = XCBuildConfiguration;
			buildSettings = {
				ASSETCATALOG_COMPILER_APPICON_NAME = AppIcon;
				ASSETCATALOG_COMPILER_GLOBAL_ACCENT_COLOR_NAME = AccentColor;
				CODE_SIGN_STYLE = Automatic;
				CURRENT_PROJECT_VERSION = 1;
				DEVELOPMENT_TEAM = Q653PU93R6;
				GENERATE_INFOPLIST_FILE = YES;
				INFOPLIST_FILE = RightNow/Info.plist;
				INFOPLIST_KEY_UIApplicationSupportsIndirectInputEvents = YES;
				INFOPLIST_KEY_UILaunchStoryboardName = LaunchScreen;
				INFOPLIST_KEY_UISupportedInterfaceOrientations_iPad = "UIInterfaceOrientationPortrait UIInterfaceOrientationPortraitUpsideDown UIInterfaceOrientationLandscapeLeft UIInterfaceOrientationLandscapeRight";
				INFOPLIST_KEY_UISupportedInterfaceOrientations_iPhone = "UIInterfaceOrientationPortrait UIInterfaceOrientationLandscapeLeft UIInterfaceOrientationLandscapeRight";
				INFOPLIST_KEY_UIUserInterfaceStyle = Light;
				LD_RUNPATH_SEARCH_PATHS = (
					"$(inherited)",
					"@executable_path/Frameworks",
				);
				MARKETING_VERSION = 1.0;
				PRODUCT_BUNDLE_IDENTIFIER = WEDLE.RightNow;
				PRODUCT_NAME = "$(TARGET_NAME)";
				SWIFT_EMIT_LOC_STRINGS = YES;
				SWIFT_VERSION = 5.0;
				TARGETED_DEVICE_FAMILY = "1,2";
			};
			name = Release;
		};
/* End XCBuildConfiguration section */

/* Begin XCConfigurationList section */
		E4FD66A42C20121E009518B4 /* Build configuration list for PBXProject "RightNow" */ = {
			isa = XCConfigurationList;
			buildConfigurations = (
				E4FD66BB2C20121F009518B4 /* Debug */,
				E4FD66BC2C20121F009518B4 /* Release */,
			);
			defaultConfigurationIsVisible = 0;
			defaultConfigurationName = Release;
		};
		E4FD66BD2C20121F009518B4 /* Build configuration list for PBXNativeTarget "RightNow" */ = {
			isa = XCConfigurationList;
			buildConfigurations = (
				E4FD66BE2C20121F009518B4 /* Debug */,
				E4FD66BF2C20121F009518B4 /* Release */,
			);
			defaultConfigurationIsVisible = 0;
			defaultConfigurationName = Release;
		};
/* End XCConfigurationList section */

/* Begin XCRemoteSwiftPackageReference section */
		E4A63E1F2C215A2D00638573 /* XCRemoteSwiftPackageReference "iOSDropDown" */ = {
			isa = XCRemoteSwiftPackageReference;
			repositoryURL = "https://github.com/jriosdev/iOSDropDown.git";
			requirement = {
				kind = upToNextMajorVersion;
				minimumVersion = 0.4.0;
			};
		};
		E4A63E4F2C242ADF00638573 /* XCRemoteSwiftPackageReference "GTMAppAuth" */ = {
			isa = XCRemoteSwiftPackageReference;
			repositoryURL = "https://github.com/google/GTMAppAuth.git";
			requirement = {
				kind = upToNextMajorVersion;
				minimumVersion = 4.0.0;
			};
		};
		E4A63E522C24545400638573 /* XCRemoteSwiftPackageReference "gtm-session-fetcher" */ = {
			isa = XCRemoteSwiftPackageReference;
			repositoryURL = "https://github.com/google/gtm-session-fetcher.git";
			requirement = {
				branch = main;
				kind = branch;
			};
		};
		E4FD66C62C201419009518B4 /* XCRemoteSwiftPackageReference "SnapKit" */ = {
			isa = XCRemoteSwiftPackageReference;
			repositoryURL = "https://github.com/SnapKit/SnapKit.git";
			requirement = {
				kind = upToNextMajorVersion;
				minimumVersion = 5.0.0;
			};
		};
		E4FD66C92C201423009518B4 /* XCRemoteSwiftPackageReference "Alamofire" */ = {
			isa = XCRemoteSwiftPackageReference;
			repositoryURL = "https://github.com/Alamofire/Alamofire.git";
			requirement = {
				kind = upToNextMajorVersion;
				minimumVersion = 5.0.0;
			};
		};
		E4FD66CC2C20143A009518B4 /* XCRemoteSwiftPackageReference "RxAlamofire" */ = {
			isa = XCRemoteSwiftPackageReference;
			repositoryURL = "https://github.com/RxSwiftCommunity/RxAlamofire.git";
			requirement = {
				kind = upToNextMajorVersion;
				minimumVersion = 5.0.0;
			};
		};
		E4FD66CF2C201450009518B4 /* XCRemoteSwiftPackageReference "SwiftKeychainWrapper" */ = {
			isa = XCRemoteSwiftPackageReference;
			repositoryURL = "https://github.com/jrendel/SwiftKeychainWrapper.git";
			requirement = {
				kind = upToNextMajorVersion;
				minimumVersion = 4.0.0;
			};
		};
		E4FD66D22C201469009518B4 /* XCRemoteSwiftPackageReference "NVActivityIndicatorView" */ = {
			isa = XCRemoteSwiftPackageReference;
			repositoryURL = "https://github.com/ninjaprox/NVActivityIndicatorView.git";
			requirement = {
				kind = upToNextMajorVersion;
				minimumVersion = 5.0.0;
			};
		};
		E4FD66D72C201477009518B4 /* XCRemoteSwiftPackageReference "SCLAlertView-Swift" */ = {
			isa = XCRemoteSwiftPackageReference;
			repositoryURL = "https://github.com/vikmeup/SCLAlertView-Swift.git";
			requirement = {
				kind = upToNextMajorVersion;
				minimumVersion = 0.8.2;
			};
		};
/* End XCRemoteSwiftPackageReference section */

/* Begin XCSwiftPackageProductDependency section */
		E4A63E202C215A2D00638573 /* iOSDropDown */ = {
			isa = XCSwiftPackageProductDependency;
			package = E4A63E1F2C215A2D00638573 /* XCRemoteSwiftPackageReference "iOSDropDown" */;
			productName = iOSDropDown;
		};
		E4A63E502C242ADF00638573 /* GTMAppAuth */ = {
			isa = XCSwiftPackageProductDependency;
			package = E4A63E4F2C242ADF00638573 /* XCRemoteSwiftPackageReference "GTMAppAuth" */;
			productName = GTMAppAuth;
		};
		E4A63E532C24545400638573 /* GTMSessionFetcher */ = {
			isa = XCSwiftPackageProductDependency;
			package = E4A63E522C24545400638573 /* XCRemoteSwiftPackageReference "gtm-session-fetcher" */;
			productName = GTMSessionFetcher;
		};
		E4A63E552C24545400638573 /* GTMSessionFetcherCore */ = {
			isa = XCSwiftPackageProductDependency;
			package = E4A63E522C24545400638573 /* XCRemoteSwiftPackageReference "gtm-session-fetcher" */;
			productName = GTMSessionFetcherCore;
		};
		E4A63E572C24545400638573 /* GTMSessionFetcherFull */ = {
			isa = XCSwiftPackageProductDependency;
			package = E4A63E522C24545400638573 /* XCRemoteSwiftPackageReference "gtm-session-fetcher" */;
			productName = GTMSessionFetcherFull;
		};
		E4A63E592C24545400638573 /* GTMSessionFetcherLogView */ = {
			isa = XCSwiftPackageProductDependency;
			package = E4A63E522C24545400638573 /* XCRemoteSwiftPackageReference "gtm-session-fetcher" */;
			productName = GTMSessionFetcherLogView;
		};
		E4FD66C72C201419009518B4 /* SnapKit */ = {
			isa = XCSwiftPackageProductDependency;
			package = E4FD66C62C201419009518B4 /* XCRemoteSwiftPackageReference "SnapKit" */;
			productName = SnapKit;
		};
		E4FD66CA2C201423009518B4 /* Alamofire */ = {
			isa = XCSwiftPackageProductDependency;
			package = E4FD66C92C201423009518B4 /* XCRemoteSwiftPackageReference "Alamofire" */;
			productName = Alamofire;
		};
		E4FD66CD2C20143A009518B4 /* RxAlamofire */ = {
			isa = XCSwiftPackageProductDependency;
			package = E4FD66CC2C20143A009518B4 /* XCRemoteSwiftPackageReference "RxAlamofire" */;
			productName = RxAlamofire;
		};
		E4FD66D02C201450009518B4 /* SwiftKeychainWrapper */ = {
			isa = XCSwiftPackageProductDependency;
			package = E4FD66CF2C201450009518B4 /* XCRemoteSwiftPackageReference "SwiftKeychainWrapper" */;
			productName = SwiftKeychainWrapper;
		};
		E4FD66D32C20146A009518B4 /* NVActivityIndicatorView */ = {
			isa = XCSwiftPackageProductDependency;
			package = E4FD66D22C201469009518B4 /* XCRemoteSwiftPackageReference "NVActivityIndicatorView" */;
			productName = NVActivityIndicatorView;
		};
		E4FD66D52C20146A009518B4 /* NVActivityIndicatorViewExtended */ = {
			isa = XCSwiftPackageProductDependency;
			package = E4FD66D22C201469009518B4 /* XCRemoteSwiftPackageReference "NVActivityIndicatorView" */;
			productName = NVActivityIndicatorViewExtended;
		};
		E4FD66D82C201477009518B4 /* SCLAlertView */ = {
			isa = XCSwiftPackageProductDependency;
			package = E4FD66D72C201477009518B4 /* XCRemoteSwiftPackageReference "SCLAlertView-Swift" */;
			productName = SCLAlertView;
		};
/* End XCSwiftPackageProductDependency section */
	};
	rootObject = E4FD66A12C20121E009518B4 /* Project object */;
}
